// !$*UTF8*$!
{
	archiveVersion = 1;
	classes = {
	};
	objectVersion = 46;
	objects = {

/* Begin PBXBuildFile section */
		7B0EE4D21E7F5F0E0055862A /* Channel.swift in Sources */ = {isa = PBXBuildFile; fileRef = 7B0EE4C81E7F5F0E0055862A /* Channel.swift */; };
		7B0EE4D31E7F5F0E0055862A /* HideLayer.swift in Sources */ = {isa = PBXBuildFile; fileRef = 7B0EE4C91E7F5F0E0055862A /* HideLayer.swift */; };
		7B0EE4D41E7F5F0E0055862A /* InputFunctionCenter.swift in Sources */ = {isa = PBXBuildFile; fileRef = 7B0EE4CA1E7F5F0E0055862A /* InputFunctionCenter.swift */; };
		7B0EE4D51E7F5F0E0055862A /* InputLayer.swift in Sources */ = {isa = PBXBuildFile; fileRef = 7B0EE4CB1E7F5F0E0055862A /* InputLayer.swift */; };
		7B0EE4D61E7F5F0E0055862A /* Layer.swift in Sources */ = {isa = PBXBuildFile; fileRef = 7B0EE4CC1E7F5F0E0055862A /* Layer.swift */; };
		7B0EE4D71E7F5F0E0055862A /* main.swift in Sources */ = {isa = PBXBuildFile; fileRef = 7B0EE4CD1E7F5F0E0055862A /* main.swift */; };
		7B0EE4D81E7F5F0E0055862A /* Neurons.swift in Sources */ = {isa = PBXBuildFile; fileRef = 7B0EE4CE1E7F5F0E0055862A /* Neurons.swift */; };
		7B0EE4D91E7F5F0E0055862A /* OutputLayer.swift in Sources */ = {isa = PBXBuildFile; fileRef = 7B0EE4CF1E7F5F0E0055862A /* OutputLayer.swift */; };
		7B0EE4DA1E7F5F0E0055862A /* TransferFunctionCenter.swift in Sources */ = {isa = PBXBuildFile; fileRef = 7B0EE4D01E7F5F0E0055862A /* TransferFunctionCenter.swift */; };
		7B0EE4DB1E7F5F0E0055862A /* WisdomModel.swift in Sources */ = {isa = PBXBuildFile; fileRef = 7B0EE4D11E7F5F0E0055862A /* WisdomModel.swift */; };
/* End PBXBuildFile section */

/* Begin PBXCopyFilesBuildPhase section */
		7B0EE4BC1E7F5EC00055862A /* CopyFiles */ = {
			isa = PBXCopyFilesBuildPhase;
			buildActionMask = 2147483647;
			dstPath = /usr/share/man/man1/;
			dstSubfolderSpec = 0;
			files = (
			);
			runOnlyForDeploymentPostprocessing = 1;
		};
/* End PBXCopyFilesBuildPhase section */

/* Begin PBXFileReference section */
		7B0EE4BE1E7F5EC00055862A /* WisdomModel */ = {isa = PBXFileReference; explicitFileType = "compiled.mach-o.executable"; includeInIndex = 0; path = WisdomModel; sourceTree = BUILT_PRODUCTS_DIR; };
		7B0EE4C81E7F5F0E0055862A /* Channel.swift */ = {isa = PBXFileReference; fileEncoding = 4; lastKnownFileType = sourcecode.swift; path = Channel.swift; sourceTree = "<group>"; };
		7B0EE4C91E7F5F0E0055862A /* HideLayer.swift */ = {isa = PBXFileReference; fileEncoding = 4; lastKnownFileType = sourcecode.swift; path = HideLayer.swift; sourceTree = "<group>"; };
		7B0EE4CA1E7F5F0E0055862A /* InputFunctionCenter.swift */ = {isa = PBXFileReference; fileEncoding = 4; lastKnownFileType = sourcecode.swift; path = InputFunctionCenter.swift; sourceTree = "<group>"; };
		7B0EE4CB1E7F5F0E0055862A /* InputLayer.swift */ = {isa = PBXFileReference; fileEncoding = 4; lastKnownFileType = sourcecode.swift; path = InputLayer.swift; sourceTree = "<group>"; };
		7B0EE4CC1E7F5F0E0055862A /* Layer.swift */ = {isa = PBXFileReference; fileEncoding = 4; lastKnownFileType = sourcecode.swift; path = Layer.swift; sourceTree = "<group>"; };
		7B0EE4CD1E7F5F0E0055862A /* main.swift */ = {isa = PBXFileReference; fileEncoding = 4; lastKnownFileType = sourcecode.swift; path = main.swift; sourceTree = "<group>"; };
		7B0EE4CE1E7F5F0E0055862A /* Neurons.swift */ = {isa = PBXFileReference; fileEncoding = 4; lastKnownFileType = sourcecode.swift; path = Neurons.swift; sourceTree = "<group>"; };
		7B0EE4CF1E7F5F0E0055862A /* OutputLayer.swift */ = {isa = PBXFileReference; fileEncoding = 4; lastKnownFileType = sourcecode.swift; path = OutputLayer.swift; sourceTree = "<group>"; };
		7B0EE4D01E7F5F0E0055862A /* TransferFunctionCenter.swift */ = {isa = PBXFileReference; fileEncoding = 4; lastKnownFileType = sourcecode.swift; path = TransferFunctionCenter.swift; sourceTree = "<group>"; };
		7B0EE4D11E7F5F0E0055862A /* WisdomModel.swift */ = {isa = PBXFileReference; fileEncoding = 4; lastKnownFileType = sourcecode.swift; path = WisdomModel.swift; sourceTree = "<group>"; };
/* End PBXFileReference section */

/* Begin PBXFrameworksBuildPhase section */
		7B0EE4BB1E7F5EC00055862A /* Frameworks */ = {
			isa = PBXFrameworksBuildPhase;
			buildActionMask = 2147483647;
			files = (
			);
			runOnlyForDeploymentPostprocessing = 0;
		};
/* End PBXFrameworksBuildPhase section */

/* Begin PBXGroup section */
		7B0EE4B51E7F5EC00055862A = {
			isa = PBXGroup;
			children = (
				7B0EE4C01E7F5EC00055862A /* WisdomModel */,
				7B0EE4BF1E7F5EC00055862A /* Products */,
			);
			sourceTree = "<group>";
		};
		7B0EE4BF1E7F5EC00055862A /* Products */ = {
			isa = PBXGroup;
			children = (
				7B0EE4BE1E7F5EC00055862A /* WisdomModel */,
			);
			name = Products;
			sourceTree = "<group>";
		};
		7B0EE4C01E7F5EC00055862A /* WisdomModel */ = {
			isa = PBXGroup;
			children = (
				7B0EE4C81E7F5F0E0055862A /* Channel.swift */,
				7B0EE4C91E7F5F0E0055862A /* HideLayer.swift */,
				7B0EE4CA1E7F5F0E0055862A /* InputFunctionCenter.swift */,
				7B0EE4CB1E7F5F0E0055862A /* InputLayer.swift */,
				7B0EE4CC1E7F5F0E0055862A /* Layer.swift */,
				7B0EE4CD1E7F5F0E0055862A /* main.swift */,
				7B0EE4CE1E7F5F0E0055862A /* Neurons.swift */,
				7B0EE4CF1E7F5F0E0055862A /* OutputLayer.swift */,
				7B0EE4D01E7F5F0E0055862A /* TransferFunctionCenter.swift */,
				7B0EE4D11E7F5F0E0055862A /* WisdomModel.swift */,
			);
			path = WisdomModel;
			sourceTree = "<group>";
		};
/* End PBXGroup section */

/* Begin PBXNativeTarget section */
		7B0EE4BD1E7F5EC00055862A /* WisdomModel */ = {
			isa = PBXNativeTarget;
			buildConfigurationList = 7B0EE4C51E7F5EC00055862A /* Build configuration list for PBXNativeTarget "WisdomModel" */;
			buildPhases = (
				7B0EE4BA1E7F5EC00055862A /* Sources */,
				7B0EE4BB1E7F5EC00055862A /* Frameworks */,
				7B0EE4BC1E7F5EC00055862A /* CopyFiles */,
			);
			buildRules = (
			);
			dependencies = (
			);
			name = WisdomModel;
			productName = WisdomModel;
			productReference = 7B0EE4BE1E7F5EC00055862A /* WisdomModel */;
			productType = "com.apple.product-type.tool";
		};
/* End PBXNativeTarget section */

/* Begin PBXProject section */
		7B0EE4B61E7F5EC00055862A /* Project object */ = {
			isa = PBXProject;
			attributes = {
				LastSwiftUpdateCheck = 0820;
				LastUpgradeCheck = 0820;
				ORGANIZATIONNAME = "孙俊";
				TargetAttributes = {
					7B0EE4BD1E7F5EC00055862A = {
						CreatedOnToolsVersion = 8.2.1;
						LastSwiftMigration = 0820;
						ProvisioningStyle = Automatic;
					};
				};
			};
			buildConfigurationList = 7B0EE4B91E7F5EC00055862A /* Build configuration list for PBXProject "WisdomModel" */;
			compatibilityVersion = "Xcode 3.2";
			developmentRegion = English;
			hasScannedForEncodings = 0;
			knownRegions = (
				en,
			);
			mainGroup = 7B0EE4B51E7F5EC00055862A;
			productRefGroup = 7B0EE4BF1E7F5EC00055862A /* Products */;
			projectDirPath = "";
			projectRoot = "";
			targets = (
				7B0EE4BD1E7F5EC00055862A /* WisdomModel */,
			);
		};
/* End PBXProject section */

/* Begin PBXSourcesBuildPhase section */
		7B0EE4BA1E7F5EC00055862A /* Sources */ = {
			isa = PBXSourcesBuildPhase;
			buildActionMask = 2147483647;
			files = (
				7B0EE4D51E7F5F0E0055862A /* InputLayer.swift in Sources */,
				7B0EE4D21E7F5F0E0055862A /* Channel.swift in Sources */,
				7B0EE4DB1E7F5F0E0055862A /* WisdomModel.swift in Sources */,
				7B0EE4D91E7F5F0E0055862A /* OutputLayer.swift in Sources */,
				7B0EE4D71E7F5F0E0055862A /* main.swift in Sources */,
				7B0EE4D61E7F5F0E0055862A /* Layer.swift in Sources */,
				7B0EE4D31E7F5F0E0055862A /* HideLayer.swift in Sources */,
				7B0EE4DA1E7F5F0E0055862A /* TransferFunctionCenter.swift in Sources */,
				7B0EE4D41E7F5F0E0055862A /* InputFunctionCenter.swift in Sources */,
				7B0EE4D81E7F5F0E0055862A /* Neurons.swift in Sources */,
			);
			runOnlyForDeploymentPostprocessing = 0;
		};
/* End PBXSourcesBuildPhase section */

/* Begin XCBuildConfiguration section */
		7B0EE4C31E7F5EC00055862A /* Debug */ = {
			isa = XCBuildConfiguration;
			buildSettings = {
				ALWAYS_SEARCH_USER_PATHS = NO;
				CLANG_ANALYZER_NONNULL = YES;
				CLANG_CXX_LANGUAGE_STANDARD = "gnu++0x";
				CLANG_CXX_LIBRARY = "libc++";
				CLANG_ENABLE_MODULES = YES;
				CLANG_ENABLE_OBJC_ARC = YES;
				CLANG_WARN_BOOL_CONVERSION = YES;
				CLANG_WARN_CONSTANT_CONVERSION = YES;
				CLANG_WARN_DIRECT_OBJC_ISA_USAGE = YES_ERROR;
				CLANG_WARN_DOCUMENTATION_COMMENTS = YES;
				CLANG_WARN_EMPTY_BODY = YES;
				CLANG_WARN_ENUM_CONVERSION = YES;
				CLANG_WARN_INFINITE_RECURSION = YES;
				CLANG_WARN_INT_CONVERSION = YES;
				CLANG_WARN_OBJC_ROOT_CLASS = YES_ERROR;
				CLANG_WARN_SUSPICIOUS_MOVE = YES;
				CLANG_WARN_UNREACHABLE_CODE = YES;
				CLANG_WARN__DUPLICATE_METHOD_MATCH = YES;
				CODE_SIGN_IDENTITY = "-";
				COPY_PHASE_STRIP = NO;
				DEBUG_INFORMATION_FORMAT = dwarf;
				ENABLE_STRICT_OBJC_MSGSEND = YES;
				ENABLE_TESTABILITY = YES;
				GCC_C_LANGUAGE_STANDARD = gnu99;
				GCC_DYNAMIC_NO_PIC = NO;
				GCC_NO_COMMON_BLOCKS = YES;
				GCC_OPTIMIZATION_LEVEL = 0;
				GCC_PREPROCESSOR_DEFINITIONS = (
					"DEBUG=1",
					"$(inherited)",
				);
				GCC_WARN_64_TO_32_BIT_CONVERSION = YES;
				GCC_WARN_ABOUT_RETURN_TYPE = YES_ERROR;
				GCC_WARN_UNDECLARED_SELECTOR = YES;
				GCC_WARN_UNINITIALIZED_AUTOS = YES_AGGRESSIVE;
				GCC_WARN_UNUSED_FUNCTION = YES;
				GCC_WARN_UNUSED_VARIABLE = YES;
				MACOSX_DEPLOYMENT_TARGET = 10.12;
				MTL_ENABLE_DEBUG_INFO = YES;
				ONLY_ACTIVE_ARCH = YES;
				SDKROOT = macosx;
				SWIFT_OPTIMIZATION_LEVEL = "-Onone";
			};
			name = Debug;
		};
		7B0EE4C41E7F5EC00055862A /* Release */ = {
			isa = XCBuildConfiguration;
			buildSettings = {
				ALWAYS_SEARCH_USER_PATHS = NO;
				CLANG_ANALYZER_NONNULL = YES;
				CLANG_CXX_LANGUAGE_STANDARD = "gnu++0x";
				CLANG_CXX_LIBRARY = "libc++";
				CLANG_ENABLE_MODULES = YES;
				CLANG_ENABLE_OBJC_ARC = YES;
				CLANG_WARN_BOOL_CONVERSION = YES;
				CLANG_WARN_CONSTANT_CONVERSION = YES;
				CLANG_WARN_DIRECT_OBJC_ISA_USAGE = YES_ERROR;
				CLANG_WARN_DOCUMENTATION_COMMENTS = YES;
				CLANG_WARN_EMPTY_BODY = YES;
				CLANG_WARN_ENUM_CONVERSION = YES;
				CLANG_WARN_INFINITE_RECURSION = YES;
				CLANG_WARN_INT_CONVERSION = YES;
				CLANG_WARN_OBJC_ROOT_CLASS = YES_ERROR;
				CLANG_WARN_SUSPICIOUS_MOVE = YES;
				CLANG_WARN_UNREACHABLE_CODE = YES;
				CLANG_WARN__DUPLICATE_METHOD_MATCH = YES;
				CODE_SIGN_IDENTITY = "-";
				COPY_PHASE_STRIP = NO;
				DEBUG_INFORMATION_FORMAT = "dwarf-with-dsym";
				ENABLE_NS_ASSERTIONS = NO;
				ENABLE_STRICT_OBJC_MSGSEND = YES;
				GCC_C_LANGUAGE_STANDARD = gnu99;
				GCC_NO_COMMON_BLOCKS = YES;
				GCC_WARN_64_TO_32_BIT_CONVERSION = YES;
				GCC_WARN_ABOUT_RETURN_TYPE = YES_ERROR;
				GCC_WARN_UNDECLARED_SELECTOR = YES;
				GCC_WARN_UNINITIALIZED_AUTOS = YES_AGGRESSIVE;
				GCC_WARN_UNUSED_FUNCTION = YES;
				GCC_WARN_UNUSED_VARIABLE = YES;
				MACOSX_DEPLOYMENT_TARGET = 10.12;
				MTL_ENABLE_DEBUG_INFO = NO;
				SDKROOT = macosx;
			};
			name = Release;
		};
		7B0EE4C61E7F5EC00055862A /* Debug */ = {
			isa = XCBuildConfiguration;
			buildSettings = {
				CLANG_ENABLE_MODULES = YES;
				LD_RUNPATH_SEARCH_PATHS = "$(inherited) @executable_path/../Frameworks @loader_path/../Frameworks";
				PRODUCT_NAME = "$(TARGET_NAME)";
				SWIFT_OPTIMIZATION_LEVEL = "-Onone";
				SWIFT_VERSION = 3.0;
			};
			name = Debug;
		};
		7B0EE4C71E7F5EC00055862A /* Release */ = {
			isa = XCBuildConfiguration;
			buildSettings = {
				CLANG_ENABLE_MODULES = YES;
				LD_RUNPATH_SEARCH_PATHS = "$(inherited) @executable_path/../Frameworks @loader_path/../Frameworks";
				PRODUCT_NAME = "$(TARGET_NAME)";
				SWIFT_VERSION = 3.0;
			};
			name = Release;
		};
/* End XCBuildConfiguration section */

/* Begin XCConfigurationList section */
		7B0EE4B91E7F5EC00055862A /* Build configuration list for PBXProject "WisdomModel" */ = {
			isa = XCConfigurationList;
			buildConfigurations = (
				7B0EE4C31E7F5EC00055862A /* Debug */,
				7B0EE4C41E7F5EC00055862A /* Release */,
			);
			defaultConfigurationIsVisible = 0;
			defaultConfigurationName = Release;
		};
		7B0EE4C51E7F5EC00055862A /* Build configuration list for PBXNativeTarget "WisdomModel" */ = {
			isa = XCConfigurationList;
			buildConfigurations = (
				7B0EE4C61E7F5EC00055862A /* Debug */,
				7B0EE4C71E7F5EC00055862A /* Release */,
			);
			defaultConfigurationIsVisible = 0;
		};
/* End XCConfigurationList section */
	};
	rootObject = 7B0EE4B61E7F5EC00055862A /* Project object */;
}
